
Microsoft Visual Studio Solution File, Format Version 12.00
# Visual Studio Version 17
VisualStudioVersion = 17.0.31903.59
MinimumVisualStudioVersion = 10.0.40219.1
Project("{2150E333-8FDC-42A3-9474-1A3956D46DE8}") = "Src", "Src", "{8023E1FB-57B6-45B3-BD5C-6FC83E4EA887}"
EndProject
Project("{2150E333-8FDC-42A3-9474-1A3956D46DE8}") = "02.Application", "02.Application", "{6E330F10-E0E8-45F9-B99B-99BF7DD086DD}"
EndProject
Project("{2150E333-8FDC-42A3-9474-1A3956D46DE8}") = "01.Domain", "01.Domain", "{99275742-56A8-4987-9CD1-2A1909B194E6}"
EndProject
Project("{2150E333-8FDC-42A3-9474-1A3956D46DE8}") = "03.Persistances", "03.Persistances", "{D63A8D0C-D35C-4620-9146-3780D217BD3B}"
EndProject
Project("{2150E333-8FDC-42A3-9474-1A3956D46DE8}") = "04.Infrastructure", "04.Infrastructure", "{9D1D30E4-6C6E-4358-8597-5A0EA8F00E44}"
EndProject
Project("{2150E333-8FDC-42A3-9474-1A3956D46DE8}") = "05.Endpoints", "05.Endpoints", "{464CE99F-FDA5-4FDF-B706-C13C789230C4}"
EndProject
Project("{2150E333-8FDC-42A3-9474-1A3956D46DE8}") = "Test", "Test", "{ECA33D94-6254-4BC3-9BE0-8916C48DDDC4}"
EndProject
Project("{9A19103F-16F7-4668-BE54-9A1E7A4F7556}") = "Infrastructure", "Src\Infrastructure\Infrastructure.csproj", "{60FB62AB-FFB4-4EDB-9009-CC1886F0CF81}"
EndProject
Project("{9A19103F-16F7-4668-BE54-9A1E7A4F7556}") = "Persistances", "Src\Persistances\Persistances.csproj", "{E6797323-E5B9-4912-BF9C-37852EA7CC20}"
EndProject
Project("{9A19103F-16F7-4668-BE54-9A1E7A4F7556}") = "Application", "Src\Application\Application.csproj", "{878DB9D3-A37C-4153-A2D3-AFD8620D7849}"
EndProject
Project("{9A19103F-16F7-4668-BE54-9A1E7A4F7556}") = "Domain", "Src\Domain\Domain.csproj", "{C1F1A42D-13F8-4414-9A29-6E92CF4EFA15}"
EndProject
Project("{FAE04EC0-301F-11D3-BF4B-00C04F79EFBC}") = "Endpoint.Api", "Src\Endpoints\Endpoint.Api.csproj", "{AC797AE6-6048-4204-A3B9-B7464A3D4D62}"
EndProject
Project("{FAE04EC0-301F-11D3-BF4B-00C04F79EFBC}") = "Domains.Test", "Test\Domains.Test\Domains.Test.csproj", "{17426A98-FF95-48B7-ACC4-84930A8E9339}"
EndProject
Project("{FAE04EC0-301F-11D3-BF4B-00C04F79EFBC}") = "Persistance.Test", "Test\Persistance.Test\Persistance.Test.csproj", "{1F43A661-6CFA-4CE3-84B8-CBCEAC385872}"
EndProject
Project("{FAE04EC0-301F-11D3-BF4B-00C04F79EFBC}") = "EndPoint.Api.Test", "Test\EndPoint.Test\EndPoint.Api.Test.csproj", "{18BEC756-313E-41BB-9891-CB8964C92092}"
EndProject
Project("{FAE04EC0-301F-11D3-BF4B-00C04F79EFBC}") = "Infrastructure.Test", "Test\Infrastructure.Test\Infrastructure.Test.csproj", "{AF674C33-64A0-4E10-85A8-AC6584766D65}"
EndProject
Project("{FAE04EC0-301F-11D3-BF4B-00C04F79EFBC}") = "ApplicationTest", "Test\Application.Test\ApplicationTest.csproj", "{9731B920-E8C6-4ECD-94E7-184C89D3E79B}"
EndProject
Global
	GlobalSection(SolutionConfigurationPlatforms) = preSolution
		Debug|Any CPU = Debug|Any CPU
		Release|Any CPU = Release|Any CPU
	EndGlobalSection
	GlobalSection(ProjectConfigurationPlatforms) = postSolution
		{60FB62AB-FFB4-4EDB-9009-CC1886F0CF81}.Debug|Any CPU.ActiveCfg = Debug|Any CPU
		{60FB62AB-FFB4-4EDB-9009-CC1886F0CF81}.Debug|Any CPU.Build.0 = Debug|Any CPU
		{60FB62AB-FFB4-4EDB-9009-CC1886F0CF81}.Release|Any CPU.ActiveCfg = Release|Any CPU
		{60FB62AB-FFB4-4EDB-9009-CC1886F0CF81}.Release|Any CPU.Build.0 = Release|Any CPU
		{E6797323-E5B9-4912-BF9C-37852EA7CC20}.Debug|Any CPU.ActiveCfg = Debug|Any CPU
		{E6797323-E5B9-4912-BF9C-37852EA7CC20}.Debug|Any CPU.Build.0 = Debug|Any CPU
		{E6797323-E5B9-4912-BF9C-37852EA7CC20}.Release|Any CPU.ActiveCfg = Release|Any CPU
		{E6797323-E5B9-4912-BF9C-37852EA7CC20}.Release|Any CPU.Build.0 = Release|Any CPU
		{878DB9D3-A37C-4153-A2D3-AFD8620D7849}.Debug|Any CPU.ActiveCfg = Debug|Any CPU
		{878DB9D3-A37C-4153-A2D3-AFD8620D7849}.Debug|Any CPU.Build.0 = Debug|Any CPU
		{878DB9D3-A37C-4153-A2D3-AFD8620D7849}.Release|Any CPU.ActiveCfg = Release|Any CPU
		{878DB9D3-A37C-4153-A2D3-AFD8620D7849}.Release|Any CPU.Build.0 = Release|Any CPU
		{C1F1A42D-13F8-4414-9A29-6E92CF4EFA15}.Debug|Any CPU.ActiveCfg = Debug|Any CPU
		{C1F1A42D-13F8-4414-9A29-6E92CF4EFA15}.Debug|Any CPU.Build.0 = Debug|Any CPU
		{C1F1A42D-13F8-4414-9A29-6E92CF4EFA15}.Release|Any CPU.ActiveCfg = Release|Any CPU
		{C1F1A42D-13F8-4414-9A29-6E92CF4EFA15}.Release|Any CPU.Build.0 = Release|Any CPU
		{AC797AE6-6048-4204-A3B9-B7464A3D4D62}.Debug|Any CPU.ActiveCfg = Debug|Any CPU
		{AC797AE6-6048-4204-A3B9-B7464A3D4D62}.Debug|Any CPU.Build.0 = Debug|Any CPU
		{AC797AE6-6048-4204-A3B9-B7464A3D4D62}.Release|Any CPU.ActiveCfg = Release|Any CPU
		{AC797AE6-6048-4204-A3B9-B7464A3D4D62}.Release|Any CPU.Build.0 = Release|Any CPU
		{17426A98-FF95-48B7-ACC4-84930A8E9339}.Debug|Any CPU.ActiveCfg = Debug|Any CPU
		{17426A98-FF95-48B7-ACC4-84930A8E9339}.Debug|Any CPU.Build.0 = Debug|Any CPU
		{17426A98-FF95-48B7-ACC4-84930A8E9339}.Release|Any CPU.ActiveCfg = Release|Any CPU
		{17426A98-FF95-48B7-ACC4-84930A8E9339}.Release|Any CPU.Build.0 = Release|Any CPU
		{1F43A661-6CFA-4CE3-84B8-CBCEAC385872}.Debug|Any CPU.ActiveCfg = Debug|Any CPU
		{1F43A661-6CFA-4CE3-84B8-CBCEAC385872}.Debug|Any CPU.Build.0 = Debug|Any CPU
		{1F43A661-6CFA-4CE3-84B8-CBCEAC385872}.Release|Any CPU.ActiveCfg = Release|Any CPU
		{1F43A661-6CFA-4CE3-84B8-CBCEAC385872}.Release|Any CPU.Build.0 = Release|Any CPU
		{18BEC756-313E-41BB-9891-CB8964C92092}.Debug|Any CPU.ActiveCfg = Debug|Any CPU
		{18BEC756-313E-41BB-9891-CB8964C92092}.Debug|Any CPU.Build.0 = Debug|Any CPU
		{18BEC756-313E-41BB-9891-CB8964C92092}.Release|Any CPU.ActiveCfg = Release|Any CPU
		{18BEC756-313E-41BB-9891-CB8964C92092}.Release|Any CPU.Build.0 = Release|Any CPU
		{AF674C33-64A0-4E10-85A8-AC6584766D65}.Debug|Any CPU.ActiveCfg = Debug|Any CPU
		{AF674C33-64A0-4E10-85A8-AC6584766D65}.Debug|Any CPU.Build.0 = Debug|Any CPU
		{AF674C33-64A0-4E10-85A8-AC6584766D65}.Release|Any CPU.ActiveCfg = Release|Any CPU
		{AF674C33-64A0-4E10-85A8-AC6584766D65}.Release|Any CPU.Build.0 = Release|Any CPU
		{9731B920-E8C6-4ECD-94E7-184C89D3E79B}.Debug|Any CPU.ActiveCfg = Debug|Any CPU
		{9731B920-E8C6-4ECD-94E7-184C89D3E79B}.Debug|Any CPU.Build.0 = Debug|Any CPU
		{9731B920-E8C6-4ECD-94E7-184C89D3E79B}.Release|Any CPU.ActiveCfg = Release|Any CPU
		{9731B920-E8C6-4ECD-94E7-184C89D3E79B}.Release|Any CPU.Build.0 = Release|Any CPU
	EndGlobalSection
	GlobalSection(SolutionProperties) = preSolution
		HideSolutionNode = FALSE
	EndGlobalSection
	GlobalSection(NestedProjects) = preSolution
		{6E330F10-E0E8-45F9-B99B-99BF7DD086DD} = {8023E1FB-57B6-45B3-BD5C-6FC83E4EA887}
		{99275742-56A8-4987-9CD1-2A1909B194E6} = {8023E1FB-57B6-45B3-BD5C-6FC83E4EA887}
		{D63A8D0C-D35C-4620-9146-3780D217BD3B} = {8023E1FB-57B6-45B3-BD5C-6FC83E4EA887}
		{9D1D30E4-6C6E-4358-8597-5A0EA8F00E44} = {8023E1FB-57B6-45B3-BD5C-6FC83E4EA887}
		{464CE99F-FDA5-4FDF-B706-C13C789230C4} = {8023E1FB-57B6-45B3-BD5C-6FC83E4EA887}
		{60FB62AB-FFB4-4EDB-9009-CC1886F0CF81} = {9D1D30E4-6C6E-4358-8597-5A0EA8F00E44}
		{E6797323-E5B9-4912-BF9C-37852EA7CC20} = {D63A8D0C-D35C-4620-9146-3780D217BD3B}
		{878DB9D3-A37C-4153-A2D3-AFD8620D7849} = {6E330F10-E0E8-45F9-B99B-99BF7DD086DD}
		{C1F1A42D-13F8-4414-9A29-6E92CF4EFA15} = {99275742-56A8-4987-9CD1-2A1909B194E6}
		{AC797AE6-6048-4204-A3B9-B7464A3D4D62} = {464CE99F-FDA5-4FDF-B706-C13C789230C4}
		{17426A98-FF95-48B7-ACC4-84930A8E9339} = {ECA33D94-6254-4BC3-9BE0-8916C48DDDC4}
		{1F43A661-6CFA-4CE3-84B8-CBCEAC385872} = {ECA33D94-6254-4BC3-9BE0-8916C48DDDC4}
		{18BEC756-313E-41BB-9891-CB8964C92092} = {ECA33D94-6254-4BC3-9BE0-8916C48DDDC4}
		{AF674C33-64A0-4E10-85A8-AC6584766D65} = {ECA33D94-6254-4BC3-9BE0-8916C48DDDC4}
		{9731B920-E8C6-4ECD-94E7-184C89D3E79B} = {ECA33D94-6254-4BC3-9BE0-8916C48DDDC4}
	EndGlobalSection
	GlobalSection(ExtensibilityGlobals) = postSolution
		SolutionGuid = {5E9F9767-B51B-4DFB-B433-93B5B9E0876C}
	EndGlobalSection
EndGlobal
